
Microsoft Visual Studio Solution File, Format Version 12.00
# Visual Studio Version 16
VisualStudioVersion = 16.0.30011.22
MinimumVisualStudioVersion = 10.0.40219.1
Project("{888888A0-9F3D-457C-B088-3A5042F75D52}") = "scheduled_scripts", "scheduled_scripts\scheduled_scripts.pyproj", "{AC927574-198C-409F-8B04-3B19187EC7C7}"
EndProject
Global
	GlobalSection(SolutionConfigurationPlatforms) = preSolution
		Debug|Any CPU = Debug|Any CPU
		Release|Any CPU = Release|Any CPU
	EndGlobalSection
	GlobalSection(ProjectConfigurationPlatforms) = postSolution
		{AC927574-198C-409F-8B04-3B19187EC7C7}.Debug|Any CPU.ActiveCfg = Debug|Any CPU
		{AC927574-198C-409F-8B04-3B19187EC7C7}.Release|Any CPU.ActiveCfg = Release|Any CPU
	EndGlobalSection
	GlobalSection(SolutionProperties) = preSolution
		HideSolutionNode = FALSE
	EndGlobalSection
	GlobalSection(ExtensibilityGlobals) = postSolution
		SolutionGuid = {ABFEA2F5-DE30-4742-8379-6DA8603DC162}
	EndGlobalSection
EndGlobal
